// !$*UTF8*$!
{
	archiveVersion = 1;
	classes = {
	};
	objectVersion = 50;
	objects = {

/* Begin PBXBuildFile section */
		FE0647A8272B041500815AC7 /* AppDelegate.swift in Sources */ = {isa = PBXBuildFile; fileRef = FE0647A7272B041500815AC7 /* AppDelegate.swift */; };
		FE0647AA272B041500815AC7 /* SceneDelegate.swift in Sources */ = {isa = PBXBuildFile; fileRef = FE0647A9272B041500815AC7 /* SceneDelegate.swift */; };
		FE0647AC272B041600815AC7 /* ViewController.swift in Sources */ = {isa = PBXBuildFile; fileRef = FE0647AB272B041600815AC7 /* ViewController.swift */; };
		FE0647AF272B041600815AC7 /* Main.storyboard in Resources */ = {isa = PBXBuildFile; fileRef = FE0647AD272B041600815AC7 /* Main.storyboard */; };
		FE0647B1272B04A500815AC7 /* Assets.xcassets in Resources */ = {isa = PBXBuildFile; fileRef = FE0647B0272B04A500815AC7 /* Assets.xcassets */; };
		FE0647B4272B04A500815AC7 /* LaunchScreen.storyboard in Resources */ = {isa = PBXBuildFile; fileRef = FE0647B2272B04A500815AC7 /* LaunchScreen.storyboard */; };
		FE0647BF272B04C500815AC7 /* GitHubSearchAPITests.swift in Sources */ = {isa = PBXBuildFile; fileRef = FE0647BE272B04C500815AC7 /* GitHubSearchAPITests.swift */; };
		FE0647CA272B04C500815AC7 /* GitHubSearchAPIUITests.swift in Sources */ = {isa = PBXBuildFile; fileRef = FE0647C9272B04C500815AC7 /* GitHubSearchAPIUITests.swift */; };
/* End PBXBuildFile section */

/* Begin PBXContainerItemProxy section */
		FE0647BB272B04C500815AC7 /* PBXContainerItemProxy */ = {
			isa = PBXContainerItemProxy;
			containerPortal = FE06479C272B041300815AC7 /* Project object */;
			proxyType = 1;
			remoteGlobalIDString = FE0647A3272B041300815AC7;
			remoteInfo = GitHubSearchAPI;
		};
		FE0647C6272B04C500815AC7 /* PBXContainerItemProxy */ = {
			isa = PBXContainerItemProxy;
			containerPortal = FE06479C272B041300815AC7 /* Project object */;
			proxyType = 1;
			remoteGlobalIDString = FE0647A3272B041300815AC7;
			remoteInfo = GitHubSearchAPI;
		};
/* End PBXContainerItemProxy section */

/* Begin PBXFileReference section */
		FE0647A4272B041300815AC7 /* GitHubSearchAPI.app */ = {isa = PBXFileReference; explicitFileType = wrapper.application; includeInIndex = 0; path = GitHubSearchAPI.app; sourceTree = BUILT_PRODUCTS_DIR; };
		FE0647A7272B041500815AC7 /* AppDelegate.swift */ = {isa = PBXFileReference; lastKnownFileType = sourcecode.swift; path = AppDelegate.swift; sourceTree = "<group>"; };
		FE0647A9272B041500815AC7 /* SceneDelegate.swift */ = {isa = PBXFileReference; lastKnownFileType = sourcecode.swift; path = SceneDelegate.swift; sourceTree = "<group>"; };
		FE0647AB272B041600815AC7 /* ViewController.swift */ = {isa = PBXFileReference; lastKnownFileType = sourcecode.swift; path = ViewController.swift; sourceTree = "<group>"; };
		FE0647AE272B041600815AC7 /* Base */ = {isa = PBXFileReference; lastKnownFileType = file.storyboard; name = Base; path = Base.lproj/Main.storyboard; sourceTree = "<group>"; };
		FE0647B0272B04A500815AC7 /* Assets.xcassets */ = {isa = PBXFileReference; lastKnownFileType = folder.assetcatalog; path = Assets.xcassets; sourceTree = "<group>"; };
		FE0647B3272B04A500815AC7 /* Base */ = {isa = PBXFileReference; lastKnownFileType = file.storyboard; name = Base; path = Base.lproj/LaunchScreen.storyboard; sourceTree = "<group>"; };
		FE0647B5272B04A500815AC7 /* Info.plist */ = {isa = PBXFileReference; lastKnownFileType = text.plist.xml; path = Info.plist; sourceTree = "<group>"; };
		FE0647BA272B04C500815AC7 /* GitHubSearchAPITests.xctest */ = {isa = PBXFileReference; explicitFileType = wrapper.cfbundle; includeInIndex = 0; path = GitHubSearchAPITests.xctest; sourceTree = BUILT_PRODUCTS_DIR; };
		FE0647BE272B04C500815AC7 /* GitHubSearchAPITests.swift */ = {isa = PBXFileReference; lastKnownFileType = sourcecode.swift; path = GitHubSearchAPITests.swift; sourceTree = "<group>"; };
		FE0647C0272B04C500815AC7 /* Info.plist */ = {isa = PBXFileReference; lastKnownFileType = text.plist.xml; path = Info.plist; sourceTree = "<group>"; };
		FE0647C5272B04C500815AC7 /* GitHubSearchAPIUITests.xctest */ = {isa = PBXFileReference; explicitFileType = wrapper.cfbundle; includeInIndex = 0; path = GitHubSearchAPIUITests.xctest; sourceTree = BUILT_PRODUCTS_DIR; };
		FE0647C9272B04C500815AC7 /* GitHubSearchAPIUITests.swift */ = {isa = PBXFileReference; lastKnownFileType = sourcecode.swift; path = GitHubSearchAPIUITests.swift; sourceTree = "<group>"; };
		FE0647CB272B04C600815AC7 /* Info.plist */ = {isa = PBXFileReference; lastKnownFileType = text.plist.xml; path = Info.plist; sourceTree = "<group>"; };
/* End PBXFileReference section */

/* Begin PBXFrameworksBuildPhase section */
		FE0647A1272B041300815AC7 /* Frameworks */ = {
			isa = PBXFrameworksBuildPhase;
			buildActionMask = 2147483647;
			files = (
			);
			runOnlyForDeploymentPostprocessing = 0;
		};
		FE0647B7272B04C500815AC7 /* Frameworks */ = {
			isa = PBXFrameworksBuildPhase;
			buildActionMask = 2147483647;
			files = (
			);
			runOnlyForDeploymentPostprocessing = 0;
		};
		FE0647C2272B04C500815AC7 /* Frameworks */ = {
			isa = PBXFrameworksBuildPhase;
			buildActionMask = 2147483647;
			files = (
			);
			runOnlyForDeploymentPostprocessing = 0;
		};
/* End PBXFrameworksBuildPhase section */

/* Begin PBXGroup section */
		FE06479B272B041200815AC7 = {
			isa = PBXGroup;
			children = (
				FE0647A6272B041300815AC7 /* GitHubSearchAPI */,
				FE0647BD272B04C500815AC7 /* GitHubSearchAPITests */,
				FE0647C8272B04C500815AC7 /* GitHubSearchAPIUITests */,
				FE0647A5272B041300815AC7 /* Products */,
			);
			sourceTree = "<group>";
		};
		FE0647A5272B041300815AC7 /* Products */ = {
			isa = PBXGroup;
			children = (
				FE0647A4272B041300815AC7 /* GitHubSearchAPI.app */,
				FE0647BA272B04C500815AC7 /* GitHubSearchAPITests.xctest */,
				FE0647C5272B04C500815AC7 /* GitHubSearchAPIUITests.xctest */,
			);
			name = Products;
			sourceTree = "<group>";
		};
		FE0647A6272B041300815AC7 /* GitHubSearchAPI */ = {
			isa = PBXGroup;
			children = (
				FE0647A7272B041500815AC7 /* AppDelegate.swift */,
				FE0647A9272B041500815AC7 /* SceneDelegate.swift */,
				FE0647AB272B041600815AC7 /* ViewController.swift */,
				FE0647AD272B041600815AC7 /* Main.storyboard */,
				FE0647B0272B04A500815AC7 /* Assets.xcassets */,
				FE0647B2272B04A500815AC7 /* LaunchScreen.storyboard */,
				FE0647B5272B04A500815AC7 /* Info.plist */,
			);
			path = GitHubSearchAPI;
			sourceTree = "<group>";
		};
		FE0647BD272B04C500815AC7 /* GitHubSearchAPITests */ = {
			isa = PBXGroup;
			children = (
				FE0647BE272B04C500815AC7 /* GitHubSearchAPITests.swift */,
				FE0647C0272B04C500815AC7 /* Info.plist */,
			);
			path = GitHubSearchAPITests;
			sourceTree = "<group>";
		};
		FE0647C8272B04C500815AC7 /* GitHubSearchAPIUITests */ = {
			isa = PBXGroup;
			children = (
				FE0647C9272B04C500815AC7 /* GitHubSearchAPIUITests.swift */,
				FE0647CB272B04C600815AC7 /* Info.plist */,
			);
			path = GitHubSearchAPIUITests;
			sourceTree = "<group>";
		};
/* End PBXGroup section */

/* Begin PBXNativeTarget section */
		FE0647A3272B041300815AC7 /* GitHubSearchAPI */ = {
			isa = PBXNativeTarget;
			buildConfigurationList = FE0647CE272B04C600815AC7 /* Build configuration list for PBXNativeTarget "GitHubSearchAPI" */;
			buildPhases = (
				FE0647A0272B041300815AC7 /* Sources */,
				FE0647A1272B041300815AC7 /* Frameworks */,
				FE0647A2272B041300815AC7 /* Resources */,
			);
			buildRules = (
			);
			dependencies = (
			);
			name = GitHubSearchAPI;
			productName = GitHubSearchAPI;
			productReference = FE0647A4272B041300815AC7 /* GitHubSearchAPI.app */;
			productType = "com.apple.product-type.application";
		};
		FE0647B9272B04C500815AC7 /* GitHubSearchAPITests */ = {
			isa = PBXNativeTarget;
			buildConfigurationList = FE0647D1272B04C600815AC7 /* Build configuration list for PBXNativeTarget "GitHubSearchAPITests" */;
			buildPhases = (
				FE0647B6272B04C500815AC7 /* Sources */,
				FE0647B7272B04C500815AC7 /* Frameworks */,
				FE0647B8272B04C500815AC7 /* Resources */,
			);
			buildRules = (
			);
			dependencies = (
				FE0647BC272B04C500815AC7 /* PBXTargetDependency */,
			);
			name = GitHubSearchAPITests;
			productName = GitHubSearchAPITests;
			productReference = FE0647BA272B04C500815AC7 /* GitHubSearchAPITests.xctest */;
			productType = "com.apple.product-type.bundle.unit-test";
		};
		FE0647C4272B04C500815AC7 /* GitHubSearchAPIUITests */ = {
			isa = PBXNativeTarget;
			buildConfigurationList = FE0647D4272B04C600815AC7 /* Build configuration list for PBXNativeTarget "GitHubSearchAPIUITests" */;
			buildPhases = (
				FE0647C1272B04C500815AC7 /* Sources */,
				FE0647C2272B04C500815AC7 /* Frameworks */,
				FE0647C3272B04C500815AC7 /* Resources */,
			);
			buildRules = (
			);
			dependencies = (
				FE0647C7272B04C500815AC7 /* PBXTargetDependency */,
			);
			name = GitHubSearchAPIUITests;
			productName = GitHubSearchAPIUITests;
			productReference = FE0647C5272B04C500815AC7 /* GitHubSearchAPIUITests.xctest */;
			productType = "com.apple.product-type.bundle.ui-testing";
		};
/* End PBXNativeTarget section */

/* Begin PBXProject section */
		FE06479C272B041300815AC7 /* Project object */ = {
			isa = PBXProject;
			attributes = {
				LastSwiftUpdateCheck = 1240;
				LastUpgradeCheck = 1240;
				TargetAttributes = {
					FE0647A3272B041300815AC7 = {
						CreatedOnToolsVersion = 12.4;
					};
					FE0647B9272B04C500815AC7 = {
						CreatedOnToolsVersion = 12.4;
						TestTargetID = FE0647A3272B041300815AC7;
					};
					FE0647C4272B04C500815AC7 = {
						CreatedOnToolsVersion = 12.4;
						TestTargetID = FE0647A3272B041300815AC7;
					};
				};
			};
			buildConfigurationList = FE06479F272B041300815AC7 /* Build configuration list for PBXProject "GitHubSearchAPI" */;
			compatibilityVersion = "Xcode 9.3";
			developmentRegion = en;
			hasScannedForEncodings = 0;
			knownRegions = (
				en,
				Base,
			);
			mainGroup = FE06479B272B041200815AC7;
			productRefGroup = FE0647A5272B041300815AC7 /* Products */;
			projectDirPath = "";
			projectRoot = "";
			targets = (
				FE0647A3272B041300815AC7 /* GitHubSearchAPI */,
				FE0647B9272B04C500815AC7 /* GitHubSearchAPITests */,
				FE0647C4272B04C500815AC7 /* GitHubSearchAPIUITests */,
			);
		};
/* End PBXProject section */

/* Begin PBXResourcesBuildPhase section */
		FE0647A2272B041300815AC7 /* Resources */ = {
			isa = PBXResourcesBuildPhase;
			buildActionMask = 2147483647;
			files = (
				FE0647B4272B04A500815AC7 /* LaunchScreen.storyboard in Resources */,
				FE0647B1272B04A500815AC7 /* Assets.xcassets in Resources */,
				FE0647AF272B041600815AC7 /* Main.storyboard in Resources */,
			);
			runOnlyForDeploymentPostprocessing = 0;
		};
		FE0647B8272B04C500815AC7 /* Resources */ = {
			isa = PBXResourcesBuildPhase;
			buildActionMask = 2147483647;
			files = (
			);
			runOnlyForDeploymentPostprocessing = 0;
		};
		FE0647C3272B04C500815AC7 /* Resources */ = {
			isa = PBXResourcesBuildPhase;
			buildActionMask = 2147483647;
			files = (
			);
			runOnlyForDeploymentPostprocessing = 0;
		};
/* End PBXResourcesBuildPhase section */

/* Begin PBXSourcesBuildPhase section */
		FE0647A0272B041300815AC7 /* Sources */ = {
			isa = PBXSourcesBuildPhase;
			buildActionMask = 2147483647;
			files = (
				FE0647AC272B041600815AC7 /* ViewController.swift in Sources */,
				FE0647A8272B041500815AC7 /* AppDelegate.swift in Sources */,
				FE0647AA272B041500815AC7 /* SceneDelegate.swift in Sources */,
			);
			runOnlyForDeploymentPostprocessing = 0;
		};
		FE0647B6272B04C500815AC7 /* Sources */ = {
			isa = PBXSourcesBuildPhase;
			buildActionMask = 2147483647;
			files = (
				FE0647BF272B04C500815AC7 /* GitHubSearchAPITests.swift in Sources */,
			);
			runOnlyForDeploymentPostprocessing = 0;
		};
		FE0647C1272B04C500815AC7 /* Sources */ = {
			isa = PBXSourcesBuildPhase;
			buildActionMask = 2147483647;
			files = (
				FE0647CA272B04C500815AC7 /* GitHubSearchAPIUITests.swift in Sources */,
			);
			runOnlyForDeploymentPostprocessing = 0;
		};
/* End PBXSourcesBuildPhase section */

/* Begin PBXTargetDependency section */
		FE0647BC272B04C500815AC7 /* PBXTargetDependency */ = {
			isa = PBXTargetDependency;
			target = FE0647A3272B041300815AC7 /* GitHubSearchAPI */;
			targetProxy = FE0647BB272B04C500815AC7 /* PBXContainerItemProxy */;
		};
		FE0647C7272B04C500815AC7 /* PBXTargetDependency */ = {
			isa = PBXTargetDependency;
			target = FE0647A3272B041300815AC7 /* GitHubSearchAPI */;
			targetProxy = FE0647C6272B04C500815AC7 /* PBXContainerItemProxy */;
		};
/* End PBXTargetDependency section */

/* Begin PBXVariantGroup section */
		FE0647AD272B041600815AC7 /* Main.storyboard */ = {
			isa = PBXVariantGroup;
			children = (
				FE0647AE272B041600815AC7 /* Base */,
			);
			name = Main.storyboard;
			sourceTree = "<group>";
		};
		FE0647B2272B04A500815AC7 /* LaunchScreen.storyboard */ = {
			isa = PBXVariantGroup;
			children = (
				FE0647B3272B04A500815AC7 /* Base */,
			);
			name = LaunchScreen.storyboard;
			sourceTree = "<group>";
		};
/* End PBXVariantGroup section */

/* Begin XCBuildConfiguration section */
		FE0647CC272B04C600815AC7 /* Debug */ = {
			isa = XCBuildConfiguration;
			buildSettings = {
				ALWAYS_SEARCH_USER_PATHS = NO;
				CLANG_ANALYZER_NONNULL = YES;
				CLANG_ANALYZER_NUMBER_OBJECT_CONVERSION = YES_AGGRESSIVE;
				CLANG_CXX_LANGUAGE_STANDARD = "gnu++14";
				CLANG_CXX_LIBRARY = "libc++";
				CLANG_ENABLE_MODULES = YES;
				CLANG_ENABLE_OBJC_ARC = YES;
				CLANG_ENABLE_OBJC_WEAK = YES;
				CLANG_WARN_BLOCK_CAPTURE_AUTORELEASING = YES;
				CLANG_WARN_BOOL_CONVERSION = YES;
				CLANG_WARN_COMMA = YES;
				CLANG_WARN_CONSTANT_CONVERSION = YES;
				CLANG_WARN_DEPRECATED_OBJC_IMPLEMENTATIONS = YES;
				CLANG_WARN_DIRECT_OBJC_ISA_USAGE = YES_ERROR;
				CLANG_WARN_DOCUMENTATION_COMMENTS = YES;
				CLANG_WARN_EMPTY_BODY = YES;
				CLANG_WARN_ENUM_CONVERSION = YES;
				CLANG_WARN_INFINITE_RECURSION = YES;
				CLANG_WARN_INT_CONVERSION = YES;
				CLANG_WARN_NON_LITERAL_NULL_CONVERSION = YES;
				CLANG_WARN_OBJC_IMPLICIT_RETAIN_SELF = YES;
				CLANG_WARN_OBJC_LITERAL_CONVERSION = YES;
				CLANG_WARN_OBJC_ROOT_CLASS = YES_ERROR;
				CLANG_WARN_QUOTED_INCLUDE_IN_FRAMEWORK_HEADER = YES;
				CLANG_WARN_RANGE_LOOP_ANALYSIS = YES;
				CLANG_WARN_STRICT_PROTOTYPES = YES;
				CLANG_WARN_SUSPICIOUS_MOVE = YES;
				CLANG_WARN_UNGUARDED_AVAILABILITY = YES_AGGRESSIVE;
				CLANG_WARN_UNREACHABLE_CODE = YES;
				CLANG_WARN__DUPLICATE_METHOD_MATCH = YES;
				COPY_PHASE_STRIP = NO;
				DEBUG_INFORMATION_FORMAT = dwarf;
				ENABLE_STRICT_OBJC_MSGSEND = YES;
				ENABLE_TESTABILITY = YES;
				GCC_C_LANGUAGE_STANDARD = gnu11;
				GCC_DYNAMIC_NO_PIC = NO;
				GCC_NO_COMMON_BLOCKS = YES;
				GCC_OPTIMIZATION_LEVEL = 0;
				GCC_PREPROCESSOR_DEFINITIONS = (
					"DEBUG=1",
					"$(inherited)",
				);
				GCC_WARN_64_TO_32_BIT_CONVERSION = YES;
				GCC_WARN_ABOUT_RETURN_TYPE = YES_ERROR;
				GCC_WARN_UNDECLARED_SELECTOR = YES;
				GCC_WARN_UNINITIALIZED_AUTOS = YES_AGGRESSIVE;
				GCC_WARN_UNUSED_FUNCTION = YES;
				GCC_WARN_UNUSED_VARIABLE = YES;
				IPHONEOS_DEPLOYMENT_TARGET = 14.4;
				MTL_ENABLE_DEBUG_INFO = INCLUDE_SOURCE;
				MTL_FAST_MATH = YES;
				ONLY_ACTIVE_ARCH = YES;
				SDKROOT = iphoneos;
				SWIFT_ACTIVE_COMPILATION_CONDITIONS = DEBUG;
				SWIFT_OPTIMIZATION_LEVEL = "-Onone";
			};
			name = Debug;
		};
		FE0647CD272B04C600815AC7 /* Release */ = {
			isa = XCBuildConfiguration;
			buildSettings = {
				ALWAYS_SEARCH_USER_PATHS = NO;
				CLANG_ANALYZER_NONNULL = YES;
				CLANG_ANALYZER_NUMBER_OBJECT_CONVERSION = YES_AGGRESSIVE;
				CLANG_CXX_LANGUAGE_STANDARD = "gnu++14";
				CLANG_CXX_LIBRARY = "libc++";
				CLANG_ENABLE_MODULES = YES;
				CLANG_ENABLE_OBJC_ARC = YES;
				CLANG_ENABLE_OBJC_WEAK = YES;
				CLANG_WARN_BLOCK_CAPTURE_AUTORELEASING = YES;
				CLANG_WARN_BOOL_CONVERSION = YES;
				CLANG_WARN_COMMA = YES;
				CLANG_WARN_CONSTANT_CONVERSION = YES;
				CLANG_WARN_DEPRECATED_OBJC_IMPLEMENTATIONS = YES;
				CLANG_WARN_DIRECT_OBJC_ISA_USAGE = YES_ERROR;
				CLANG_WARN_DOCUMENTATION_COMMENTS = YES;
				CLANG_WARN_EMPTY_BODY = YES;
				CLANG_WARN_ENUM_CONVERSION = YES;
				CLANG_WARN_INFINITE_RECURSION = YES;
				CLANG_WARN_INT_CONVERSION = YES;
				CLANG_WARN_NON_LITERAL_NULL_CONVERSION = YES;
				CLANG_WARN_OBJC_IMPLICIT_RETAIN_SELF = YES;
				CLANG_WARN_OBJC_LITERAL_CONVERSION = YES;
				CLANG_WARN_OBJC_ROOT_CLASS = YES_ERROR;
				CLANG_WARN_QUOTED_INCLUDE_IN_FRAMEWORK_HEADER = YES;
				CLANG_WARN_RANGE_LOOP_ANALYSIS = YES;
				CLANG_WARN_STRICT_PROTOTYPES = YES;
				CLANG_WARN_SUSPICIOUS_MOVE = YES;
				CLANG_WARN_UNGUARDED_AVAILABILITY = YES_AGGRESSIVE;
				CLANG_WARN_UNREACHABLE_CODE = YES;
				CLANG_WARN__DUPLICATE_METHOD_MATCH = YES;
				COPY_PHASE_STRIP = NO;
				DEBUG_INFORMATION_FORMAT = "dwarf-with-dsym";
				ENABLE_NS_ASSERTIONS = NO;
				ENABLE_STRICT_OBJC_MSGSEND = YES;
				GCC_C_LANGUAGE_STANDARD = gnu11;
				GCC_NO_COMMON_BLOCKS = YES;
				GCC_WARN_64_TO_32_BIT_CONVERSION = YES;
				GCC_WARN_ABOUT_RETURN_TYPE = YES_ERROR;
				GCC_WARN_UNDECLARED_SELECTOR = YES;
				GCC_WARN_UNINITIALIZED_AUTOS = YES_AGGRESSIVE;
				GCC_WARN_UNUSED_FUNCTION = YES;
				GCC_WARN_UNUSED_VARIABLE = YES;
				IPHONEOS_DEPLOYMENT_TARGET = 14.4;
				MTL_ENABLE_DEBUG_INFO = NO;
				MTL_FAST_MATH = YES;
				SDKROOT = iphoneos;
				SWIFT_COMPILATION_MODE = wholemodule;
				SWIFT_OPTIMIZATION_LEVEL = "-O";
				VALIDATE_PRODUCT = YES;
			};
			name = Release;
		};
		FE0647CF272B04C600815AC7 /* Debug */ = {
			isa = XCBuildConfiguration;
			buildSettings = {
				ASSETCATALOG_COMPILER_APPICON_NAME = AppIcon;
				ASSETCATALOG_COMPILER_GLOBAL_ACCENT_COLOR_NAME = AccentColor;
				CODE_SIGN_STYLE = Automatic;
				INFOPLIST_FILE = GitHubSearchAPI/Info.plist;
				LD_RUNPATH_SEARCH_PATHS = (
					"$(inherited)",
					"@executable_path/Frameworks",
				);
				PRODUCT_BUNDLE_IDENTIFIER = com.evvrajesh.GitHubSearchAPI;
				PRODUCT_NAME = "$(TARGET_NAME)";
				SWIFT_VERSION = 5.0;
				TARGETED_DEVICE_FAMILY = "1,2";
			};
			name = Debug;
		};
		FE0647D0272B04C600815AC7 /* Release */ = {
			isa = XCBuildConfiguration;
			buildSettings = {
				ASSETCATALOG_COMPILER_APPICON_NAME = AppIcon;
				ASSETCATALOG_COMPILER_GLOBAL_ACCENT_COLOR_NAME = AccentColor;
				CODE_SIGN_STYLE = Automatic;
				INFOPLIST_FILE = GitHubSearchAPI/Info.plist;
				LD_RUNPATH_SEARCH_PATHS = (
					"$(inherited)",
					"@executable_path/Frameworks",
				);
				PRODUCT_BUNDLE_IDENTIFIER = com.evvrajesh.GitHubSearchAPI;
				PRODUCT_NAME = "$(TARGET_NAME)";
				SWIFT_VERSION = 5.0;
				TARGETED_DEVICE_FAMILY = "1,2";
			};
			name = Release;
		};
		FE0647D2272B04C600815AC7 /* Debug */ = {
			isa = XCBuildConfiguration;
			buildSettings = {
				ALWAYS_EMBED_SWIFT_STANDARD_LIBRARIES = YES;
				BUNDLE_LOADER = "$(TEST_HOST)";
				CODE_SIGN_STYLE = Automatic;
				INFOPLIST_FILE = GitHubSearchAPITests/Info.plist;
				IPHONEOS_DEPLOYMENT_TARGET = 14.4;
				LD_RUNPATH_SEARCH_PATHS = (
					"$(inherited)",
					"@executable_path/Frameworks",
					"@loader_path/Frameworks",
				);
				PRODUCT_BUNDLE_IDENTIFIER = com.evvrajesh.GitHubSearchAPITests;
				PRODUCT_NAME = "$(TARGET_NAME)";
				SWIFT_VERSION = 5.0;
				TARGETED_DEVICE_FAMILY = "1,2";
				TEST_HOST = "$(BUILT_PRODUCTS_DIR)/GitHubSearchAPI.app/GitHubSearchAPI";
			};
			name = Debug;
		};
		FE0647D3272B04C600815AC7 /* Release */ = {
			isa = XCBuildConfiguration;
			buildSettings = {
				ALWAYS_EMBED_SWIFT_STANDARD_LIBRARIES = YES;
				BUNDLE_LOADER = "$(TEST_HOST)";
				CODE_SIGN_STYLE = Automatic;
				INFOPLIST_FILE = GitHubSearchAPITests/Info.plist;
				IPHONEOS_DEPLOYMENT_TARGET = 14.4;
				LD_RUNPATH_SEARCH_PATHS = (
					"$(inherited)",
					"@executable_path/Frameworks",
					"@loader_path/Frameworks",
				);
				PRODUCT_BUNDLE_IDENTIFIER = com.evvrajesh.GitHubSearchAPITests;
				PRODUCT_NAME = "$(TARGET_NAME)";
				SWIFT_VERSION = 5.0;
				TARGETED_DEVICE_FAMILY = "1,2";
				TEST_HOST = "$(BUILT_PRODUCTS_DIR)/GitHubSearchAPI.app/GitHubSearchAPI";
			};
			name = Release;
		};
		FE0647D5272B04C600815AC7 /* Debug */ = {
			isa = XCBuildConfiguration;
			buildSettings = {
				ALWAYS_EMBED_SWIFT_STANDARD_LIBRARIES = YES;
				CODE_SIGN_STYLE = Automatic;
				INFOPLIST_FILE = GitHubSearchAPIUITests/Info.plist;
				LD_RUNPATH_SEARCH_PATHS = (
					"$(inherited)",
					"@executable_path/Frameworks",
					"@loader_path/Frameworks",
				);
				PRODUCT_BUNDLE_IDENTIFIER = com.evvrajesh.GitHubSearchAPIUITests;
				PRODUCT_NAME = "$(TARGET_NAME)";
				SWIFT_VERSION = 5.0;
				TARGETED_DEVICE_FAMILY = "1,2";
				TEST_TARGET_NAME = GitHubSearchAPI;
			};
			name = Debug;
		};
		FE0647D6272B04C600815AC7 /* Release */ = {
			isa = XCBuildConfiguration;
			buildSettings = {
				ALWAYS_EMBED_SWIFT_STANDARD_LIBRARIES = YES;
				CODE_SIGN_STYLE = Automatic;
				INFOPLIST_FILE = GitHubSearchAPIUITests/Info.plist;
				LD_RUNPATH_SEARCH_PATHS = (
					"$(inherited)",
					"@executable_path/Frameworks",
					"@loader_path/Frameworks",
				);
				PRODUCT_BUNDLE_IDENTIFIER = com.evvrajesh.GitHubSearchAPIUITests;
				PRODUCT_NAME = "$(TARGET_NAME)";
				SWIFT_VERSION = 5.0;
				TARGETED_DEVICE_FAMILY = "1,2";
				TEST_TARGET_NAME = GitHubSearchAPI;
			};
			name = Release;
		};
/* End XCBuildConfiguration section */

/* Begin XCConfigurationList section */
		FE06479F272B041300815AC7 /* Build configuration list for PBXProject "GitHubSearchAPI" */ = {
			isa = XCConfigurationList;
			buildConfigurations = (
				FE0647CC272B04C600815AC7 /* Debug */,
				FE0647CD272B04C600815AC7 /* Release */,
			);
			defaultConfigurationIsVisible = 0;
			defaultConfigurationName = Release;
		};
		FE0647CE272B04C600815AC7 /* Build configuration list for PBXNativeTarget "GitHubSearchAPI" */ = {
			isa = XCConfigurationList;
			buildConfigurations = (
				FE0647CF272B04C600815AC7 /* Debug */,
				FE0647D0272B04C600815AC7 /* Release */,
			);
			defaultConfigurationIsVisible = 0;
			defaultConfigurationName = Release;
		};
		FE0647D1272B04C600815AC7 /* Build configuration list for PBXNativeTarget "GitHubSearchAPITests" */ = {
			isa = XCConfigurationList;
			buildConfigurations = (
				FE0647D2272B04C600815AC7 /* Debug */,
				FE0647D3272B04C600815AC7 /* Release */,
			);
			defaultConfigurationIsVisible = 0;
			defaultConfigurationName = Release;
		};
		FE0647D4272B04C600815AC7 /* Build configuration list for PBXNativeTarget "GitHubSearchAPIUITests" */ = {
			isa = XCConfigurationList;
			buildConfigurations = (
				FE0647D5272B04C600815AC7 /* Debug */,
				FE0647D6272B04C600815AC7 /* Release */,
			);
			defaultConfigurationIsVisible = 0;
			defaultConfigurationName = Release;
		};
/* End XCConfigurationList section */
	};
	rootObject = FE06479C272B041300815AC7 /* Project object */;
}
